{
  "version": 1,
  "dependencies": {
    ".NETStandard,Version=v2.1": {
      "Microsoft.Extensions.DependencyInjection.Abstractions": {
        "type": "Direct",
        "requested": "[3.0.0, )",
        "resolved": "3.0.0",
        "contentHash": "ofQRroDlzJ0xKOtzNuaVt6QKNImFkhkG0lIMpGl7PtXnIf5SuLWBeiQZAP8DNSxDBJJdcsPkiJiMYK2WA5H8dQ=="
      }
    }
  }
}